
Microsoft Visual Studio Solution File, Format Version 12.00
# Visual Studio Version 16
VisualStudioVersion = 16.0.30804.86
MinimumVisualStudioVersion = 10.0.40219.1
Project("{8BC9CEB8-8B4A-11D0-8D11-00A0C91BC942}") = "2_if문", "Baekjoon\Baekjoon.vcxproj", "{E344C910-DBD2-493E-A494-67D69F4AAE5D}"
EndProject
Project("{8BC9CEB8-8B4A-11D0-8D11-00A0C91BC942}") = "1_입출력과 사칙연산", "1_입출력과 사칙연산\1_입출력과 사칙연산.vcxproj", "{F1C9B6F8-22A6-4753-AE2D-C60CC6EA4CD5}"
EndProject
Project("{8BC9CEB8-8B4A-11D0-8D11-00A0C91BC942}") = "3_for문", "3_for문\3_for문.vcxproj", "{0A6F3F98-C1F2-4C31-95C1-6C515C5E1AE6}"
EndProject
Global
	GlobalSection(SolutionConfigurationPlatforms) = preSolution
		Debug|x64 = Debug|x64
		Debug|x86 = Debug|x86
		Release|x64 = Release|x64
		Release|x86 = Release|x86
	EndGlobalSection
	GlobalSection(ProjectConfigurationPlatforms) = postSolution
		{E344C910-DBD2-493E-A494-67D69F4AAE5D}.Debug|x64.ActiveCfg = Debug|x64
		{E344C910-DBD2-493E-A494-67D69F4AAE5D}.Debug|x64.Build.0 = Debug|x64
		{E344C910-DBD2-493E-A494-67D69F4AAE5D}.Debug|x86.ActiveCfg = Debug|Win32
		{E344C910-DBD2-493E-A494-67D69F4AAE5D}.Debug|x86.Build.0 = Debug|Win32
		{E344C910-DBD2-493E-A494-67D69F4AAE5D}.Release|x64.ActiveCfg = Release|x64
		{E344C910-DBD2-493E-A494-67D69F4AAE5D}.Release|x64.Build.0 = Release|x64
		{E344C910-DBD2-493E-A494-67D69F4AAE5D}.Release|x86.ActiveCfg = Release|Win32
		{E344C910-DBD2-493E-A494-67D69F4AAE5D}.Release|x86.Build.0 = Release|Win32
		{F1C9B6F8-22A6-4753-AE2D-C60CC6EA4CD5}.Debug|x64.ActiveCfg = Debug|x64
		{F1C9B6F8-22A6-4753-AE2D-C60CC6EA4CD5}.Debug|x64.Build.0 = Debug|x64
		{F1C9B6F8-22A6-4753-AE2D-C60CC6EA4CD5}.Debug|x86.ActiveCfg = Debug|Win32
		{F1C9B6F8-22A6-4753-AE2D-C60CC6EA4CD5}.Debug|x86.Build.0 = Debug|Win32
		{F1C9B6F8-22A6-4753-AE2D-C60CC6EA4CD5}.Release|x64.ActiveCfg = Release|x64
		{F1C9B6F8-22A6-4753-AE2D-C60CC6EA4CD5}.Release|x64.Build.0 = Release|x64
		{F1C9B6F8-22A6-4753-AE2D-C60CC6EA4CD5}.Release|x86.ActiveCfg = Release|Win32
		{F1C9B6F8-22A6-4753-AE2D-C60CC6EA4CD5}.Release|x86.Build.0 = Release|Win32
		{0A6F3F98-C1F2-4C31-95C1-6C515C5E1AE6}.Debug|x64.ActiveCfg = Debug|x64
		{0A6F3F98-C1F2-4C31-95C1-6C515C5E1AE6}.Debug|x64.Build.0 = Debug|x64
		{0A6F3F98-C1F2-4C31-95C1-6C515C5E1AE6}.Debug|x86.ActiveCfg = Debug|Win32
		{0A6F3F98-C1F2-4C31-95C1-6C515C5E1AE6}.Debug|x86.Build.0 = Debug|Win32
		{0A6F3F98-C1F2-4C31-95C1-6C515C5E1AE6}.Release|x64.ActiveCfg = Release|x64
		{0A6F3F98-C1F2-4C31-95C1-6C515C5E1AE6}.Release|x64.Build.0 = Release|x64
		{0A6F3F98-C1F2-4C31-95C1-6C515C5E1AE6}.Release|x86.ActiveCfg = Release|Win32
		{0A6F3F98-C1F2-4C31-95C1-6C515C5E1AE6}.Release|x86.Build.0 = Release|Win32
	EndGlobalSection
	GlobalSection(SolutionProperties) = preSolution
		HideSolutionNode = FALSE
	EndGlobalSection
	GlobalSection(ExtensibilityGlobals) = postSolution
		SolutionGuid = {55EA3AF7-E5F4-4908-911A-FD93E70E528D}
	EndGlobalSection
EndGlobal
